PATH
  remote: .
  specs:
    html-proofer (0.0.1)
      nokogiri (~> 1.5.6)

GEM
  remote: http://rubygems.org/
  specs:
    diff-lcs (1.2.1)
    nokogiri (1.5.6)
    rspec (2.13.0)
      rspec-core (~> 2.13.0)
      rspec-expectations (~> 2.13.0)
      rspec-mocks (~> 2.13.0)
    rspec-core (2.13.1)
    rspec-expectations (2.13.0)
      diff-lcs (>= 1.1.3, < 2.0)
    rspec-mocks (2.13.0)

PLATFORMS
  ruby

DEPENDENCIES
  html-proofer!
  rspec (~> 2.13.0)
